
Microsoft Visual Studio Solution File, Format Version 12.00
# Visual Studio Version 17
VisualStudioVersion = 17.5.33530.505
MinimumVisualStudioVersion = 10.0.40219.1
Project("{FAE04EC0-301F-11D3-BF4B-00C04F79EFBC}") = "PARCIAL 2", "PARCIAL 2.csproj", "{29A06E9D-A259-4D51-8A25-1723BCED8102}"
EndProject
Global
	GlobalSection(SolutionConfigurationPlatforms) = preSolution
		Debug|Any CPU = Debug|Any CPU
		Release|Any CPU = Release|Any CPU
	EndGlobalSection
	GlobalSection(ProjectConfigurationPlatforms) = postSolution
		{29A06E9D-A259-4D51-8A25-1723BCED8102}.Debug|Any CPU.ActiveCfg = Debug|Any CPU
		{29A06E9D-A259-4D51-8A25-1723BCED8102}.Debug|Any CPU.Build.0 = Debug|Any CPU
		{29A06E9D-A259-4D51-8A25-1723BCED8102}.Release|Any CPU.ActiveCfg = Release|Any CPU
		{29A06E9D-A259-4D51-8A25-1723BCED8102}.Release|Any CPU.Build.0 = Release|Any CPU
	EndGlobalSection
	GlobalSection(SolutionProperties) = preSolution
		HideSolutionNode = FALSE
	EndGlobalSection
	GlobalSection(ExtensibilityGlobals) = postSolution
		SolutionGuid = {8A41C4CF-0753-494D-A674-DB63BA8152B1}
	EndGlobalSection
EndGlobal
